// !$*UTF8*$!
{
	archiveVersion = 1;
	classes = {
	};
	objectVersion = 51;
	objects = {

/* Begin PBXBuildFile section */
		2518771622A6CAE200858115 /* AppDelegate.swift in Sources */ = {isa = PBXBuildFile; fileRef = 2518771522A6CAE200858115 /* AppDelegate.swift */; };
		2518771822A6CAE200858115 /* ViewController.swift in Sources */ = {isa = PBXBuildFile; fileRef = 2518771722A6CAE200858115 /* ViewController.swift */; };
		2518771B22A6CAE200858115 /* Main.storyboard in Resources */ = {isa = PBXBuildFile; fileRef = 2518771922A6CAE200858115 /* Main.storyboard */; };
		2518771D22A6CAE300858115 /* Assets.xcassets in Resources */ = {isa = PBXBuildFile; fileRef = 2518771C22A6CAE300858115 /* Assets.xcassets */; };
		2518772022A6CAE300858115 /* LaunchScreen.storyboard in Resources */ = {isa = PBXBuildFile; fileRef = 2518771E22A6CAE300858115 /* LaunchScreen.storyboard */; };
		2518773122A6CFF000858115 /* DataManager.swift in Sources */ = {isa = PBXBuildFile; fileRef = 2518773022A6CFF000858115 /* DataManager.swift */; };
		2518773522A6DD2F00858115 /* Person.swift in Sources */ = {isa = PBXBuildFile; fileRef = 2518773422A6DD2F00858115 /* Person.swift */; };
		8BF4AEDB94488AC5B50C512E /* Pods_fmdbProject.framework in Frameworks */ = {isa = PBXBuildFile; fileRef = 38BA8C66AB897EFA879EB51F /* Pods_fmdbProject.framework */; };
/* End PBXBuildFile section */

/* Begin PBXFileReference section */
		1CC972C1389A2629F0CFAFFD /* Pods-fmdbProject.release.xcconfig */ = {isa = PBXFileReference; includeInIndex = 1; lastKnownFileType = text.xcconfig; name = "Pods-fmdbProject.release.xcconfig"; path = "Target Support Files/Pods-fmdbProject/Pods-fmdbProject.release.xcconfig"; sourceTree = "<group>"; };
		2518771222A6CAE200858115 /* fmdbProject.app */ = {isa = PBXFileReference; explicitFileType = wrapper.application; includeInIndex = 0; path = fmdbProject.app; sourceTree = BUILT_PRODUCTS_DIR; };
		2518771522A6CAE200858115 /* AppDelegate.swift */ = {isa = PBXFileReference; lastKnownFileType = sourcecode.swift; path = AppDelegate.swift; sourceTree = "<group>"; };
		2518771722A6CAE200858115 /* ViewController.swift */ = {isa = PBXFileReference; lastKnownFileType = sourcecode.swift; path = ViewController.swift; sourceTree = "<group>"; };
		2518771A22A6CAE200858115 /* Base */ = {isa = PBXFileReference; lastKnownFileType = file.storyboard; name = Base; path = Base.lproj/Main.storyboard; sourceTree = "<group>"; };
		2518771C22A6CAE300858115 /* Assets.xcassets */ = {isa = PBXFileReference; lastKnownFileType = folder.assetcatalog; path = Assets.xcassets; sourceTree = "<group>"; };
		2518771F22A6CAE300858115 /* Base */ = {isa = PBXFileReference; lastKnownFileType = file.storyboard; name = Base; path = Base.lproj/LaunchScreen.storyboard; sourceTree = "<group>"; };
		2518772122A6CAE300858115 /* Info.plist */ = {isa = PBXFileReference; lastKnownFileType = text.plist.xml; path = Info.plist; sourceTree = "<group>"; };
		2518773022A6CFF000858115 /* DataManager.swift */ = {isa = PBXFileReference; lastKnownFileType = sourcecode.swift; path = DataManager.swift; sourceTree = "<group>"; };
		2518773422A6DD2F00858115 /* Person.swift */ = {isa = PBXFileReference; lastKnownFileType = sourcecode.swift; path = Person.swift; sourceTree = "<group>"; };
		38BA8C66AB897EFA879EB51F /* Pods_fmdbProject.framework */ = {isa = PBXFileReference; explicitFileType = wrapper.framework; includeInIndex = 0; path = Pods_fmdbProject.framework; sourceTree = BUILT_PRODUCTS_DIR; };
		66E7AC6A70CC9806E98A08CA /* Pods-fmdbProject.debug.xcconfig */ = {isa = PBXFileReference; includeInIndex = 1; lastKnownFileType = text.xcconfig; name = "Pods-fmdbProject.debug.xcconfig"; path = "Target Support Files/Pods-fmdbProject/Pods-fmdbProject.debug.xcconfig"; sourceTree = "<group>"; };
/* End PBXFileReference section */

/* Begin PBXFrameworksBuildPhase section */
		2518770F22A6CAE200858115 /* Frameworks */ = {
			isa = PBXFrameworksBuildPhase;
			buildActionMask = 2147483647;
			files = (
				8BF4AEDB94488AC5B50C512E /* Pods_fmdbProject.framework in Frameworks */,
			);
			runOnlyForDeploymentPostprocessing = 0;
		};
/* End PBXFrameworksBuildPhase section */

/* Begin PBXGroup section */
		2518770922A6CAE200858115 = {
			isa = PBXGroup;
			children = (
				2518771422A6CAE200858115 /* fmdbProject */,
				2518771322A6CAE200858115 /* Products */,
				B4B6382E16325AF1A5990FB9 /* Pods */,
				3F3C766B225D92BE6DAE74C0 /* Frameworks */,
			);
			sourceTree = "<group>";
		};
		2518771322A6CAE200858115 /* Products */ = {
			isa = PBXGroup;
			children = (
				2518771222A6CAE200858115 /* fmdbProject.app */,
			);
			name = Products;
			sourceTree = "<group>";
		};
		2518771422A6CAE200858115 /* fmdbProject */ = {
			isa = PBXGroup;
			children = (
				2518771522A6CAE200858115 /* AppDelegate.swift */,
				2518771722A6CAE200858115 /* ViewController.swift */,
				2518771922A6CAE200858115 /* Main.storyboard */,
				2518771C22A6CAE300858115 /* Assets.xcassets */,
				2518773022A6CFF000858115 /* DataManager.swift */,
				2518773422A6DD2F00858115 /* Person.swift */,
				2518771E22A6CAE300858115 /* LaunchScreen.storyboard */,
				2518772122A6CAE300858115 /* Info.plist */,
			);
			path = fmdbProject;
			sourceTree = "<group>";
		};
		3F3C766B225D92BE6DAE74C0 /* Frameworks */ = {
			isa = PBXGroup;
			children = (
				38BA8C66AB897EFA879EB51F /* Pods_fmdbProject.framework */,
			);
			name = Frameworks;
			sourceTree = "<group>";
		};
		B4B6382E16325AF1A5990FB9 /* Pods */ = {
			isa = PBXGroup;
			children = (
				66E7AC6A70CC9806E98A08CA /* Pods-fmdbProject.debug.xcconfig */,
				1CC972C1389A2629F0CFAFFD /* Pods-fmdbProject.release.xcconfig */,
			);
			path = Pods;
			sourceTree = "<group>";
		};
/* End PBXGroup section */

/* Begin PBXNativeTarget section */
		2518771122A6CAE200858115 /* fmdbProject */ = {
			isa = PBXNativeTarget;
			buildConfigurationList = 2518772422A6CAE300858115 /* Build configuration list for PBXNativeTarget "fmdbProject" */;
			buildPhases = (
				C67235578D34632568D27021 /* [CP] Check Pods Manifest.lock */,
				2518770E22A6CAE200858115 /* Sources */,
				2518770F22A6CAE200858115 /* Frameworks */,
				2518771022A6CAE200858115 /* Resources */,
				E8194F5E766BC1857C3EA7E9 /* [CP] Embed Pods Frameworks */,
			);
			buildRules = (
			);
			dependencies = (
			);
			name = fmdbProject;
			productName = fmdbProject;
			productReference = 2518771222A6CAE200858115 /* fmdbProject.app */;
			productType = "com.apple.product-type.application";
		};
/* End PBXNativeTarget section */

/* Begin PBXProject section */
		2518770A22A6CAE200858115 /* Project object */ = {
			isa = PBXProject;
			attributes = {
				LastSwiftUpdateCheck = 1020;
				LastUpgradeCheck = 1020;
				ORGANIZATIONNAME = Luiz;
				TargetAttributes = {
					2518771122A6CAE200858115 = {
						CreatedOnToolsVersion = 10.2.1;
						LastSwiftMigration = 1020;
					};
				};
			};
			buildConfigurationList = 2518770D22A6CAE200858115 /* Build configuration list for PBXProject "fmdbProject" */;
			compatibilityVersion = "Xcode 9.3";
			developmentRegion = en;
			hasScannedForEncodings = 0;
			knownRegions = (
				en,
				Base,
			);
			mainGroup = 2518770922A6CAE200858115;
			productRefGroup = 2518771322A6CAE200858115 /* Products */;
			projectDirPath = "";
			projectRoot = "";
			targets = (
				2518771122A6CAE200858115 /* fmdbProject */,
			);
		};
/* End PBXProject section */

/* Begin PBXResourcesBuildPhase section */
		2518771022A6CAE200858115 /* Resources */ = {
			isa = PBXResourcesBuildPhase;
			buildActionMask = 2147483647;
			files = (
				2518772022A6CAE300858115 /* LaunchScreen.storyboard in Resources */,
				2518771D22A6CAE300858115 /* Assets.xcassets in Resources */,
				2518771B22A6CAE200858115 /* Main.storyboard in Resources */,
			);
			runOnlyForDeploymentPostprocessing = 0;
		};
/* End PBXResourcesBuildPhase section */

/* Begin PBXShellScriptBuildPhase section */
		C67235578D34632568D27021 /* [CP] Check Pods Manifest.lock */ = {
			isa = PBXShellScriptBuildPhase;
			buildActionMask = 2147483647;
			files = (
			);
			inputFileListPaths = (
			);
			inputPaths = (
				"${PODS_PODFILE_DIR_PATH}/Podfile.lock",
				"${PODS_ROOT}/Manifest.lock",
			);
			name = "[CP] Check Pods Manifest.lock";
			outputFileListPaths = (
			);
			outputPaths = (
				"$(DERIVED_FILE_DIR)/Pods-fmdbProject-checkManifestLockResult.txt",
			);
			runOnlyForDeploymentPostprocessing = 0;
			shellPath = /bin/sh;
			shellScript = "diff \"${PODS_PODFILE_DIR_PATH}/Podfile.lock\" \"${PODS_ROOT}/Manifest.lock\" > /dev/null\nif [ $? != 0 ] ; then\n    # print error to STDERR\n    echo \"error: The sandbox is not in sync with the Podfile.lock. Run 'pod install' or update your CocoaPods installation.\" >&2\n    exit 1\nfi\n# This output is used by Xcode 'outputs' to avoid re-running this script phase.\necho \"SUCCESS\" > \"${SCRIPT_OUTPUT_FILE_0}\"\n";
			showEnvVarsInLog = 0;
		};
		E8194F5E766BC1857C3EA7E9 /* [CP] Embed Pods Frameworks */ = {
			isa = PBXShellScriptBuildPhase;
			buildActionMask = 2147483647;
			files = (
			);
			inputFileListPaths = (
				"${PODS_ROOT}/Target Support Files/Pods-fmdbProject/Pods-fmdbProject-frameworks-${CONFIGURATION}-input-files.xcfilelist",
			);
			name = "[CP] Embed Pods Frameworks";
			outputFileListPaths = (
				"${PODS_ROOT}/Target Support Files/Pods-fmdbProject/Pods-fmdbProject-frameworks-${CONFIGURATION}-output-files.xcfilelist",
			);
			runOnlyForDeploymentPostprocessing = 0;
			shellPath = /bin/sh;
			shellScript = "\"${PODS_ROOT}/Target Support Files/Pods-fmdbProject/Pods-fmdbProject-frameworks.sh\"\n";
			showEnvVarsInLog = 0;
		};
/* End PBXShellScriptBuildPhase section */

/* Begin PBXSourcesBuildPhase section */
		2518770E22A6CAE200858115 /* Sources */ = {
			isa = PBXSourcesBuildPhase;
			buildActionMask = 2147483647;
			files = (
				2518771822A6CAE200858115 /* ViewController.swift in Sources */,
				2518773122A6CFF000858115 /* DataManager.swift in Sources */,
				2518773522A6DD2F00858115 /* Person.swift in Sources */,
				2518771622A6CAE200858115 /* AppDelegate.swift in Sources */,
			);
			runOnlyForDeploymentPostprocessing = 0;
		};
/* End PBXSourcesBuildPhase section */

/* Begin PBXVariantGroup section */
		2518771922A6CAE200858115 /* Main.storyboard */ = {
			isa = PBXVariantGroup;
			children = (
				2518771A22A6CAE200858115 /* Base */,
			);
			name = Main.storyboard;
			sourceTree = "<group>";
		};
		2518771E22A6CAE300858115 /* LaunchScreen.storyboard */ = {
			isa = PBXVariantGroup;
			children = (
				2518771F22A6CAE300858115 /* Base */,
			);
			name = LaunchScreen.storyboard;
			sourceTree = "<group>";
		};
/* End PBXVariantGroup section */

/* Begin XCBuildConfiguration section */
		2518772222A6CAE300858115 /* Debug */ = {
			isa = XCBuildConfiguration;
			buildSettings = {
				ALWAYS_SEARCH_USER_PATHS = NO;
				CLANG_ANALYZER_NONNULL = YES;
				CLANG_ANALYZER_NUMBER_OBJECT_CONVERSION = YES_AGGRESSIVE;
				CLANG_CXX_LANGUAGE_STANDARD = "gnu++14";
				CLANG_CXX_LIBRARY = "libc++";
				CLANG_ENABLE_MODULES = YES;
				CLANG_ENABLE_OBJC_ARC = YES;
				CLANG_ENABLE_OBJC_WEAK = YES;
				CLANG_WARN_BLOCK_CAPTURE_AUTORELEASING = YES;
				CLANG_WARN_BOOL_CONVERSION = YES;
				CLANG_WARN_COMMA = YES;
				CLANG_WARN_CONSTANT_CONVERSION = YES;
				CLANG_WARN_DEPRECATED_OBJC_IMPLEMENTATIONS = YES;
				CLANG_WARN_DIRECT_OBJC_ISA_USAGE = YES_ERROR;
				CLANG_WARN_DOCUMENTATION_COMMENTS = YES;
				CLANG_WARN_EMPTY_BODY = YES;
				CLANG_WARN_ENUM_CONVERSION = YES;
				CLANG_WARN_INFINITE_RECURSION = YES;
				CLANG_WARN_INT_CONVERSION = YES;
				CLANG_WARN_NON_LITERAL_NULL_CONVERSION = YES;
				CLANG_WARN_OBJC_IMPLICIT_RETAIN_SELF = YES;
				CLANG_WARN_OBJC_LITERAL_CONVERSION = YES;
				CLANG_WARN_OBJC_ROOT_CLASS = YES_ERROR;
				CLANG_WARN_RANGE_LOOP_ANALYSIS = YES;
				CLANG_WARN_STRICT_PROTOTYPES = YES;
				CLANG_WARN_SUSPICIOUS_MOVE = YES;
				CLANG_WARN_UNGUARDED_AVAILABILITY = YES_AGGRESSIVE;
				CLANG_WARN_UNREACHABLE_CODE = YES;
				CLANG_WARN__DUPLICATE_METHOD_MATCH = YES;
				CODE_SIGN_IDENTITY = "iPhone Developer";
				COPY_PHASE_STRIP = NO;
				DEBUG_INFORMATION_FORMAT = dwarf;
				ENABLE_STRICT_OBJC_MSGSEND = YES;
				ENABLE_TESTABILITY = YES;
				GCC_C_LANGUAGE_STANDARD = gnu11;
				GCC_DYNAMIC_NO_PIC = NO;
				GCC_NO_COMMON_BLOCKS = YES;
				GCC_OPTIMIZATION_LEVEL = 0;
				GCC_PREPROCESSOR_DEFINITIONS = (
					"DEBUG=1",
					"$(inherited)",
				);
				GCC_WARN_64_TO_32_BIT_CONVERSION = YES;
				GCC_WARN_ABOUT_RETURN_TYPE = YES_ERROR;
				GCC_WARN_UNDECLARED_SELECTOR = YES;
				GCC_WARN_UNINITIALIZED_AUTOS = YES_AGGRESSIVE;
				GCC_WARN_UNUSED_FUNCTION = YES;
				GCC_WARN_UNUSED_VARIABLE = YES;
				IPHONEOS_DEPLOYMENT_TARGET = 12.2;
				MTL_ENABLE_DEBUG_INFO = INCLUDE_SOURCE;
				MTL_FAST_MATH = YES;
				ONLY_ACTIVE_ARCH = YES;
				SDKROOT = iphoneos;
				SWIFT_ACTIVE_COMPILATION_CONDITIONS = DEBUG;
				SWIFT_INSTALL_OBJC_HEADER = NO;
				SWIFT_OBJC_BRIDGING_HEADER = "";
				SWIFT_OPTIMIZATION_LEVEL = "-Onone";
				SWIFT_PRECOMPILE_BRIDGING_HEADER = NO;
			};
			name = Debug;
		};
		2518772322A6CAE300858115 /* Release */ = {
			isa = XCBuildConfiguration;
			buildSettings = {
				ALWAYS_SEARCH_USER_PATHS = NO;
				CLANG_ANALYZER_NONNULL = YES;
				CLANG_ANALYZER_NUMBER_OBJECT_CONVERSION = YES_AGGRESSIVE;
				CLANG_CXX_LANGUAGE_STANDARD = "gnu++14";
				CLANG_CXX_LIBRARY = "libc++";
				CLANG_ENABLE_MODULES = YES;
				CLANG_ENABLE_OBJC_ARC = YES;
				CLANG_ENABLE_OBJC_WEAK = YES;
				CLANG_WARN_BLOCK_CAPTURE_AUTORELEASING = YES;
				CLANG_WARN_BOOL_CONVERSION = YES;
				CLANG_WARN_COMMA = YES;
				CLANG_WARN_CONSTANT_CONVERSION = YES;
				CLANG_WARN_DEPRECATED_OBJC_IMPLEMENTATIONS = YES;
				CLANG_WARN_DIRECT_OBJC_ISA_USAGE = YES_ERROR;
				CLANG_WARN_DOCUMENTATION_COMMENTS = YES;
				CLANG_WARN_EMPTY_BODY = YES;
				CLANG_WARN_ENUM_CONVERSION = YES;
				CLANG_WARN_INFINITE_RECURSION = YES;
				CLANG_WARN_INT_CONVERSION = YES;
				CLANG_WARN_NON_LITERAL_NULL_CONVERSION = YES;
				CLANG_WARN_OBJC_IMPLICIT_RETAIN_SELF = YES;
				CLANG_WARN_OBJC_LITERAL_CONVERSION = YES;
				CLANG_WARN_OBJC_ROOT_CLASS = YES_ERROR;
				CLANG_WARN_RANGE_LOOP_ANALYSIS = YES;
				CLANG_WARN_STRICT_PROTOTYPES = YES;
				CLANG_WARN_SUSPICIOUS_MOVE = YES;
				CLANG_WARN_UNGUARDED_AVAILABILITY = YES_AGGRESSIVE;
				CLANG_WARN_UNREACHABLE_CODE = YES;
				CLANG_WARN__DUPLICATE_METHOD_MATCH = YES;
				CODE_SIGN_IDENTITY = "iPhone Developer";
				COPY_PHASE_STRIP = NO;
				DEBUG_INFORMATION_FORMAT = "dwarf-with-dsym";
				ENABLE_NS_ASSERTIONS = NO;
				ENABLE_STRICT_OBJC_MSGSEND = YES;
				GCC_C_LANGUAGE_STANDARD = gnu11;
				GCC_NO_COMMON_BLOCKS = YES;
				GCC_WARN_64_TO_32_BIT_CONVERSION = YES;
				GCC_WARN_ABOUT_RETURN_TYPE = YES_ERROR;
				GCC_WARN_UNDECLARED_SELECTOR = YES;
				GCC_WARN_UNINITIALIZED_AUTOS = YES_AGGRESSIVE;
				GCC_WARN_UNUSED_FUNCTION = YES;
				GCC_WARN_UNUSED_VARIABLE = YES;
				IPHONEOS_DEPLOYMENT_TARGET = 12.2;
				MTL_ENABLE_DEBUG_INFO = NO;
				MTL_FAST_MATH = YES;
				SDKROOT = iphoneos;
				SWIFT_COMPILATION_MODE = wholemodule;
				SWIFT_INSTALL_OBJC_HEADER = NO;
				SWIFT_OBJC_BRIDGING_HEADER = "";
				SWIFT_OPTIMIZATION_LEVEL = "-O";
				SWIFT_PRECOMPILE_BRIDGING_HEADER = NO;
				VALIDATE_PRODUCT = YES;
			};
			name = Release;
		};
		2518772522A6CAE300858115 /* Debug */ = {
			isa = XCBuildConfiguration;
			baseConfigurationReference = 66E7AC6A70CC9806E98A08CA /* Pods-fmdbProject.debug.xcconfig */;
			buildSettings = {
				ASSETCATALOG_COMPILER_APPICON_NAME = AppIcon;
				CLANG_ENABLE_MODULES = YES;
				CODE_SIGN_STYLE = Automatic;
				DEVELOPMENT_TEAM = 489ZVWUGPK;
				INFOPLIST_FILE = fmdbProject/Info.plist;
				LD_RUNPATH_SEARCH_PATHS = (
					"$(inherited)",
					"@executable_path/Frameworks",
				);
				PRODUCT_BUNDLE_IDENTIFIER = code.luizramos.fmdbProject;
				PRODUCT_NAME = "$(TARGET_NAME)";
				SWIFT_OPTIMIZATION_LEVEL = "-Onone";
				SWIFT_VERSION = 5.0;
				TARGETED_DEVICE_FAMILY = "1,2";
			};
			name = Debug;
		};
		2518772622A6CAE300858115 /* Release */ = {
			isa = XCBuildConfiguration;
			baseConfigurationReference = 1CC972C1389A2629F0CFAFFD /* Pods-fmdbProject.release.xcconfig */;
			buildSettings = {
				ASSETCATALOG_COMPILER_APPICON_NAME = AppIcon;
				CLANG_ENABLE_MODULES = YES;
				CODE_SIGN_STYLE = Automatic;
				DEVELOPMENT_TEAM = 489ZVWUGPK;
				INFOPLIST_FILE = fmdbProject/Info.plist;
				LD_RUNPATH_SEARCH_PATHS = (
					"$(inherited)",
					"@executable_path/Frameworks",
				);
				PRODUCT_BUNDLE_IDENTIFIER = code.luizramos.fmdbProject;
				PRODUCT_NAME = "$(TARGET_NAME)";
				SWIFT_VERSION = 5.0;
				TARGETED_DEVICE_FAMILY = "1,2";
			};
			name = Release;
		};
/* End XCBuildConfiguration section */

/* Begin XCConfigurationList section */
		2518770D22A6CAE200858115 /* Build configuration list for PBXProject "fmdbProject" */ = {
			isa = XCConfigurationList;
			buildConfigurations = (
				2518772222A6CAE300858115 /* Debug */,
				2518772322A6CAE300858115 /* Release */,
			);
			defaultConfigurationIsVisible = 0;
			defaultConfigurationName = Release;
		};
		2518772422A6CAE300858115 /* Build configuration list for PBXNativeTarget "fmdbProject" */ = {
			isa = XCConfigurationList;
			buildConfigurations = (
				2518772522A6CAE300858115 /* Debug */,
				2518772622A6CAE300858115 /* Release */,
			);
			defaultConfigurationIsVisible = 0;
			defaultConfigurationName = Release;
		};
/* End XCConfigurationList section */
	};
	rootObject = 2518770A22A6CAE200858115 /* Project object */;
}
